
Microsoft Visual Studio Solution File, Format Version 12.00
# Visual Studio Version 17
VisualStudioVersion = 17.11.35219.272
MinimumVisualStudioVersion = 10.0.40219.1
Project("{FAE04EC0-301F-11D3-BF4B-00C04F79EFBC}") = "IterationProject_KylePeniston", "IterationProject_KylePeniston\IterationProject_KylePeniston.csproj", "{74E2B8C8-8650-4447-A70C-AA3C0454335B}"
EndProject
Global
	GlobalSection(SolutionConfigurationPlatforms) = preSolution
		Debug|Any CPU = Debug|Any CPU
		Release|Any CPU = Release|Any CPU
	EndGlobalSection
	GlobalSection(ProjectConfigurationPlatforms) = postSolution
		{74E2B8C8-8650-4447-A70C-AA3C0454335B}.Debug|Any CPU.ActiveCfg = Debug|Any CPU
		{74E2B8C8-8650-4447-A70C-AA3C0454335B}.Debug|Any CPU.Build.0 = Debug|Any CPU
		{74E2B8C8-8650-4447-A70C-AA3C0454335B}.Release|Any CPU.ActiveCfg = Release|Any CPU
		{74E2B8C8-8650-4447-A70C-AA3C0454335B}.Release|Any CPU.Build.0 = Release|Any CPU
	EndGlobalSection
	GlobalSection(SolutionProperties) = preSolution
		HideSolutionNode = FALSE
	EndGlobalSection
	GlobalSection(ExtensibilityGlobals) = postSolution
		SolutionGuid = {A726CF6F-AFBD-4054-8EBB-9C8D99E50E69}
	EndGlobalSection
EndGlobal
